<?xml version="1.0" encoding="utf-8"?>
<Project ToolsVersion="4.0" xmlns="http://schemas.microsoft.com/developer/msbuild/2003">
  <ItemGroup>
    <Filter Include="Source Files">
      <UniqueIdentifier>{4FC737F1-C7A5-4376-A066-2A32D752A2FF}</UniqueIdentifier>
      <Extensions>cpp;c;cc;cxx;def;odl;idl;hpj;bat;asm;asmx</Extensions>
    </Filter>
    <Filter Include="Header Files">
      <UniqueIdentifier>{93995380-89BD-4b04-88EB-625FBE52EBFB}</UniqueIdentifier>
      <Extensions>h;hh;hpp;hxx;hm;inl;inc;xsd</Extensions>
    </Filter>
    <Filter Include="Resource Files">
      <UniqueIdentifier>{67DA6AB6-F800-4c08-8B7A-83BB121AAD01}</UniqueIdentifier>
      <Extensions>rc;ico;cur;bmp;dlg;rc2;rct;bin;rgs;gif;jpg;jpeg;jpe;resx;tiff;tif;png;wav;mfcribbon-ms</Extensions>
    </Filter>
    <Filter Include="Student">
      <UniqueIdentifier>{ae2ff7cb-70a3-4c25-be13-3bc149eeb5c2}</UniqueIdentifier>
    </Filter>
    <Filter Include="GUI">
      <UniqueIdentifier>{d02fb370-537e-4ee7-aaea-b813f6548a35}</UniqueIdentifier>
    </Filter>
  </ItemGroup>
  <ItemGroup>
    <ClCompile Include="main.cpp">
      <Filter>Source Files</Filter>
    </ClCompile>
    <ClCompile Include="stdafx.cpp">
      <Filter>Source Files</Filter>
    </ClCompile>
    <ClCompile Include="Student.cpp">
      <Filter>Student</Filter>
    </ClCompile>
    <ClCompile Include="BaseState.cpp">
      <Filter>Source Files</Filter>
    </ClCompile>
    <ClCompile Include="AddOption.cpp">
      <Filter>Source Files</Filter>
    </ClCompile>
    <ClCompile Include="Program.cpp">
      <Filter>Source Files</Filter>
    </ClCompile>
    <ClCompile Include="FindOption.cpp">
      <Filter>Source Files</Filter>
    </ClCompile>
    <ClCompile Include="Button.cpp">
      <Filter>GUI</Filter>
    </ClCompile>
    <ClCompile Include="GraphicData.cpp">
      <Filter>GUI</Filter>
    </ClCompile>
    <ClCompile Include="TextBox.cpp">
      <Filter>GUI</Filter>
    </ClCompile>
    <ClCompile Include="ListViewItem.cpp">
      <Filter>GUI</Filter>
    </ClCompile>
    <ClCompile Include="ListView.cpp">
      <Filter>GUI</Filter>
    </ClCompile>
    <ClCompile Include="InformationTable.cpp">
      <Filter>GUI</Filter>
    </ClCompile>
    <ClCompile Include="PrintOption.cpp">
      <Filter>Source Files</Filter>
    </ClCompile>
    <ClCompile Include="ListControl.cpp">
      <Filter>Student</Filter>
    </ClCompile>
    <ClCompile Include="StatisticOption.cpp">
      <Filter>Source Files</Filter>
    </ClCompile>
    <ClCompile Include="ClassStatistic.cpp">
      <Filter>Source Files</Filter>
    </ClCompile>
    <ClCompile Include="ClassListView.cpp">
      <Filter>GUI</Filter>
    </ClCompile>
    <ClCompile Include="ClassListViewItem.cpp">
      <Filter>GUI</Filter>
    </ClCompile>
    <ClCompile Include="ClassInformation.cpp">
      <Filter>GUI</Filter>
    </ClCompile>
    <ClCompile Include="CircleSector.cpp">
      <Filter>GUI</Filter>
    </ClCompile>
  </ItemGroup>
  <ItemGroup>
    <ClInclude Include="stdafx.h">
      <Filter>Header Files</Filter>
    </ClInclude>
    <ClInclude Include="Student.h">
      <Filter>Student</Filter>
    </ClInclude>
    <ClInclude Include="Date.h">
      <Filter>Header Files</Filter>
    </ClInclude>
    <ClInclude Include="BaseState.h">
      <Filter>Header Files</Filter>
    </ClInclude>
    <ClInclude Include="AddOption.h">
      <Filter>Header Files</Filter>
    </ClInclude>
    <ClInclude Include="Program.h">
      <Filter>Header Files</Filter>
    </ClInclude>
    <ClInclude Include="FindOption.h">
      <Filter>Header Files</Filter>
    </ClInclude>
    <ClInclude Include="TextBox.h">
      <Filter>GUI</Filter>
    </ClInclude>
    <ClInclude Include="GraphicData.h">
      <Filter>GUI</Filter>
    </ClInclude>
    <ClInclude Include="Button.h">
      <Filter>GUI</Filter>
    </ClInclude>
    <ClInclude Include="ListViewItem.h">
      <Filter>GUI</Filter>
    </ClInclude>
    <ClInclude Include="ListView.h">
      <Filter>GUI</Filter>
    </ClInclude>
    <ClInclude Include="InformationTable.h">
      <Filter>GUI</Filter>
    </ClInclude>
    <ClInclude Include="PrintOption.h">
      <Filter>Header Files</Filter>
    </ClInclude>
    <ClInclude Include="ListControl.h">
      <Filter>Student</Filter>
    </ClInclude>
    <ClInclude Include="StatisticOption.h">
      <Filter>Header Files</Filter>
    </ClInclude>
    <ClInclude Include="ClassStatistic.h">
      <Filter>Header Files</Filter>
    </ClInclude>
    <ClInclude Include="ClassListViewItem.h">
      <Filter>GUI</Filter>
    </ClInclude>
    <ClInclude Include="ClassListView.h">
      <Filter>GUI</Filter>
    </ClInclude>
    <ClInclude Include="ClassInformation.h">
      <Filter>GUI</Filter>
    </ClInclude>
    <ClInclude Include="CircleSector.h">
      <Filter>GUI</Filter>
    </ClInclude>
  </ItemGroup>
</Project>